
Microsoft Visual Studio Solution File, Format Version 12.00
# Visual Studio Version 16
VisualStudioVersion = 16.0.29102.190
MinimumVisualStudioVersion = 10.0.40219.1
Project("{FAE04EC0-301F-11D3-BF4B-00C04F79EFBC}") = "ServiceWrapper", "ServiceWrapper\ServiceWrapper.csproj", "{EC324C65-3341-4602-8BF9-A792885874A1}"
EndProject
Global
	GlobalSection(SolutionConfigurationPlatforms) = preSolution
		Debug|Any CPU = Debug|Any CPU
		Release|Any CPU = Release|Any CPU
	EndGlobalSection
	GlobalSection(ProjectConfigurationPlatforms) = postSolution
		{EC324C65-3341-4602-8BF9-A792885874A1}.Debug|Any CPU.ActiveCfg = Debug|Any CPU
		{EC324C65-3341-4602-8BF9-A792885874A1}.Debug|Any CPU.Build.0 = Debug|Any CPU
		{EC324C65-3341-4602-8BF9-A792885874A1}.Release|Any CPU.ActiveCfg = Release|Any CPU
		{EC324C65-3341-4602-8BF9-A792885874A1}.Release|Any CPU.Build.0 = Release|Any CPU
	EndGlobalSection
	GlobalSection(SolutionProperties) = preSolution
		HideSolutionNode = FALSE
	EndGlobalSection
	GlobalSection(ExtensibilityGlobals) = postSolution
		SolutionGuid = {A692B6A8-6DFC-4A75-ACEC-F848BDB5CA6F}
	EndGlobalSection
EndGlobal
